
Microsoft Visual Studio Solution File, Format Version 12.00
# Visual Studio Version 17
VisualStudioVersion = 17.2.32526.322
MinimumVisualStudioVersion = 10.0.40219.1
Project("{2150E333-8FDC-42A3-9474-1A3956D46DE8}") = "1 - Apresentacao", "1 - Apresentacao", "{086EAF4D-4FAF-4A5D-AC3A-C48377A9E6C7}"
EndProject
Project("{2150E333-8FDC-42A3-9474-1A3956D46DE8}") = "3 - Dominio", "3 - Dominio", "{44795F2C-FD49-49C2-8BB5-7C1297FF54B8}"
EndProject
Project("{2150E333-8FDC-42A3-9474-1A3956D46DE8}") = "4 - Infra", "4 - Infra", "{F6164A7F-DA48-4377-9E09-8E808DC2F851}"
EndProject
Project("{9A19103F-16F7-4668-BE54-9A1E7A4F7556}") = "LocadoraDeVeiculos.Dominio", "LocadoraDeVeiculos.Dominio\LocadoraDeVeiculos.Dominio.csproj", "{29FDA971-31E3-4742-A8BD-1E53617E76EB}"
EndProject
Project("{9A19103F-16F7-4668-BE54-9A1E7A4F7556}") = "LocadoraDeVeiculos.WinApp", "LocadoraDeVeiculos.WinApp\LocadoraDeVeiculos.WinApp.csproj", "{5C6C9CF3-40C6-4505-827C-A798B3E9556C}"
EndProject
Project("{9A19103F-16F7-4668-BE54-9A1E7A4F7556}") = "LocadoraDeVeiculos.Infra", "LocadoraDeVeiculos.Infra\LocadoraDeVeiculos.Infra.csproj", "{F94193AA-0A8B-425C-BEC9-ADF0F86A3786}"
EndProject
Project("{9A19103F-16F7-4668-BE54-9A1E7A4F7556}") = "LocadoraDeVeiculos.Dominio.Tests", "LocadoraDeVeiculos.Dominio.Tests\LocadoraDeVeiculos.Dominio.Tests.csproj", "{62B9FE33-26CC-49DE-85FA-41E993A5D470}"
EndProject
Project("{9A19103F-16F7-4668-BE54-9A1E7A4F7556}") = "LocadoraDeVeiculos.Infra.Tests", "LocadoraDeVeiculos.Infra.Tests\LocadoraDeVeiculos.Infra.Tests.csproj", "{A3498585-BF29-4FC0-9312-DDF62A23E809}"
EndProject
Project("{00D1A9C2-B5F0-4AF3-8072-F6C62B433612}") = "LocadoraDeVeiculos.Projeto.BancoDeDados", "LocadoraDeVeiculos.Projeto.BancoDeDados\LocadoraDeVeiculos.Projeto.BancoDeDados.sqlproj", "{345D55DA-F194-47A1-86F9-2BE65D8287F2}"
EndProject
Project("{2150E333-8FDC-42A3-9474-1A3956D46DE8}") = "2 - Aplicacao", "2 - Aplicacao", "{CABDA5A5-FCDF-41A1-B200-377D7C026C5F}"
EndProject
Project("{9A19103F-16F7-4668-BE54-9A1E7A4F7556}") = "LocadoraVeiculos.Aplicacao", "LocadoraVeiculos.Aplicacao\LocadoraVeiculos.Aplicacao.csproj", "{96C9DE67-6779-4EC0-A2D4-F7E5224AED8C}"
EndProject
Project("{2150E333-8FDC-42A3-9474-1A3956D46DE8}") = "Banco de Dados", "Banco de Dados", "{A6B11FA7-CFD0-492D-994E-855F4CD14BB6}"
EndProject
Project("{2150E333-8FDC-42A3-9474-1A3956D46DE8}") = "Logs", "Logs", "{892AD6AD-7C5F-47E6-9FE3-360C377384D0}"
EndProject
Project("{9A19103F-16F7-4668-BE54-9A1E7A4F7556}") = "LocadoraVeiculos.Infra.Logging", "LocadoraVeiculos.Infra.Logging\LocadoraVeiculos.Infra.Logging.csproj", "{1ACD32FE-2471-45F7-8A29-924F7DB849E0}"
EndProject
Global
	GlobalSection(SolutionConfigurationPlatforms) = preSolution
		Debug|Any CPU = Debug|Any CPU
		Release|Any CPU = Release|Any CPU
	EndGlobalSection
	GlobalSection(ProjectConfigurationPlatforms) = postSolution
		{29FDA971-31E3-4742-A8BD-1E53617E76EB}.Debug|Any CPU.ActiveCfg = Debug|Any CPU
		{29FDA971-31E3-4742-A8BD-1E53617E76EB}.Debug|Any CPU.Build.0 = Debug|Any CPU
		{29FDA971-31E3-4742-A8BD-1E53617E76EB}.Release|Any CPU.ActiveCfg = Release|Any CPU
		{29FDA971-31E3-4742-A8BD-1E53617E76EB}.Release|Any CPU.Build.0 = Release|Any CPU
		{5C6C9CF3-40C6-4505-827C-A798B3E9556C}.Debug|Any CPU.ActiveCfg = Debug|Any CPU
		{5C6C9CF3-40C6-4505-827C-A798B3E9556C}.Debug|Any CPU.Build.0 = Debug|Any CPU
		{5C6C9CF3-40C6-4505-827C-A798B3E9556C}.Release|Any CPU.ActiveCfg = Release|Any CPU
		{5C6C9CF3-40C6-4505-827C-A798B3E9556C}.Release|Any CPU.Build.0 = Release|Any CPU
		{F94193AA-0A8B-425C-BEC9-ADF0F86A3786}.Debug|Any CPU.ActiveCfg = Debug|Any CPU
		{F94193AA-0A8B-425C-BEC9-ADF0F86A3786}.Debug|Any CPU.Build.0 = Debug|Any CPU
		{F94193AA-0A8B-425C-BEC9-ADF0F86A3786}.Release|Any CPU.ActiveCfg = Release|Any CPU
		{F94193AA-0A8B-425C-BEC9-ADF0F86A3786}.Release|Any CPU.Build.0 = Release|Any CPU
		{62B9FE33-26CC-49DE-85FA-41E993A5D470}.Debug|Any CPU.ActiveCfg = Debug|Any CPU
		{62B9FE33-26CC-49DE-85FA-41E993A5D470}.Debug|Any CPU.Build.0 = Debug|Any CPU
		{62B9FE33-26CC-49DE-85FA-41E993A5D470}.Release|Any CPU.ActiveCfg = Release|Any CPU
		{62B9FE33-26CC-49DE-85FA-41E993A5D470}.Release|Any CPU.Build.0 = Release|Any CPU
		{A3498585-BF29-4FC0-9312-DDF62A23E809}.Debug|Any CPU.ActiveCfg = Debug|Any CPU
		{A3498585-BF29-4FC0-9312-DDF62A23E809}.Debug|Any CPU.Build.0 = Debug|Any CPU
		{A3498585-BF29-4FC0-9312-DDF62A23E809}.Release|Any CPU.ActiveCfg = Release|Any CPU
		{A3498585-BF29-4FC0-9312-DDF62A23E809}.Release|Any CPU.Build.0 = Release|Any CPU
		{345D55DA-F194-47A1-86F9-2BE65D8287F2}.Debug|Any CPU.ActiveCfg = Debug|Any CPU
		{345D55DA-F194-47A1-86F9-2BE65D8287F2}.Debug|Any CPU.Build.0 = Debug|Any CPU
		{345D55DA-F194-47A1-86F9-2BE65D8287F2}.Debug|Any CPU.Deploy.0 = Debug|Any CPU
		{345D55DA-F194-47A1-86F9-2BE65D8287F2}.Release|Any CPU.ActiveCfg = Release|Any CPU
		{345D55DA-F194-47A1-86F9-2BE65D8287F2}.Release|Any CPU.Build.0 = Release|Any CPU
		{345D55DA-F194-47A1-86F9-2BE65D8287F2}.Release|Any CPU.Deploy.0 = Release|Any CPU
		{96C9DE67-6779-4EC0-A2D4-F7E5224AED8C}.Debug|Any CPU.ActiveCfg = Debug|Any CPU
		{96C9DE67-6779-4EC0-A2D4-F7E5224AED8C}.Debug|Any CPU.Build.0 = Debug|Any CPU
		{96C9DE67-6779-4EC0-A2D4-F7E5224AED8C}.Release|Any CPU.ActiveCfg = Release|Any CPU
		{96C9DE67-6779-4EC0-A2D4-F7E5224AED8C}.Release|Any CPU.Build.0 = Release|Any CPU
		{1ACD32FE-2471-45F7-8A29-924F7DB849E0}.Debug|Any CPU.ActiveCfg = Debug|Any CPU
		{1ACD32FE-2471-45F7-8A29-924F7DB849E0}.Debug|Any CPU.Build.0 = Debug|Any CPU
		{1ACD32FE-2471-45F7-8A29-924F7DB849E0}.Release|Any CPU.ActiveCfg = Release|Any CPU
		{1ACD32FE-2471-45F7-8A29-924F7DB849E0}.Release|Any CPU.Build.0 = Release|Any CPU
	EndGlobalSection
	GlobalSection(SolutionProperties) = preSolution
		HideSolutionNode = FALSE
	EndGlobalSection
	GlobalSection(NestedProjects) = preSolution
		{29FDA971-31E3-4742-A8BD-1E53617E76EB} = {44795F2C-FD49-49C2-8BB5-7C1297FF54B8}
		{5C6C9CF3-40C6-4505-827C-A798B3E9556C} = {086EAF4D-4FAF-4A5D-AC3A-C48377A9E6C7}
		{F94193AA-0A8B-425C-BEC9-ADF0F86A3786} = {A6B11FA7-CFD0-492D-994E-855F4CD14BB6}
		{62B9FE33-26CC-49DE-85FA-41E993A5D470} = {44795F2C-FD49-49C2-8BB5-7C1297FF54B8}
		{A3498585-BF29-4FC0-9312-DDF62A23E809} = {A6B11FA7-CFD0-492D-994E-855F4CD14BB6}
		{345D55DA-F194-47A1-86F9-2BE65D8287F2} = {A6B11FA7-CFD0-492D-994E-855F4CD14BB6}
		{96C9DE67-6779-4EC0-A2D4-F7E5224AED8C} = {CABDA5A5-FCDF-41A1-B200-377D7C026C5F}
		{A6B11FA7-CFD0-492D-994E-855F4CD14BB6} = {F6164A7F-DA48-4377-9E09-8E808DC2F851}
		{892AD6AD-7C5F-47E6-9FE3-360C377384D0} = {F6164A7F-DA48-4377-9E09-8E808DC2F851}
		{1ACD32FE-2471-45F7-8A29-924F7DB849E0} = {892AD6AD-7C5F-47E6-9FE3-360C377384D0}
	EndGlobalSection
	GlobalSection(ExtensibilityGlobals) = postSolution
		SolutionGuid = {46F0DFBD-B6BC-4D79-9B08-4A41DC196806}
	EndGlobalSection
EndGlobal
